
Microsoft Visual Studio Solution File, Format Version 12.00
# Visual Studio Version 16
VisualStudioVersion = 16.0.31729.503
MinimumVisualStudioVersion = 10.0.40219.1
Project("{FAE04EC0-301F-11D3-BF4B-00C04F79EFBC}") = "bank", "bank.csproj", "{DAA45ECC-5F24-4D74-81A4-ABAD82B1F9CC}"
EndProject
Global
	GlobalSection(SolutionConfigurationPlatforms) = preSolution
		Debug|Any CPU = Debug|Any CPU
		Release|Any CPU = Release|Any CPU
	EndGlobalSection
	GlobalSection(ProjectConfigurationPlatforms) = postSolution
		{DAA45ECC-5F24-4D74-81A4-ABAD82B1F9CC}.Debug|Any CPU.ActiveCfg = Debug|Any CPU
		{DAA45ECC-5F24-4D74-81A4-ABAD82B1F9CC}.Debug|Any CPU.Build.0 = Debug|Any CPU
		{DAA45ECC-5F24-4D74-81A4-ABAD82B1F9CC}.Release|Any CPU.ActiveCfg = Release|Any CPU
		{DAA45ECC-5F24-4D74-81A4-ABAD82B1F9CC}.Release|Any CPU.Build.0 = Release|Any CPU
	EndGlobalSection
	GlobalSection(SolutionProperties) = preSolution
		HideSolutionNode = FALSE
	EndGlobalSection
	GlobalSection(ExtensibilityGlobals) = postSolution
		SolutionGuid = {C14AA2F9-3BE6-42C7-BBB9-45C3BD3008F4}
	EndGlobalSection
EndGlobal
